
Microsoft Visual Studio Solution File, Format Version 12.00
# Visual Studio 15
VisualStudioVersion = 15.0.28010.2026
MinimumVisualStudioVersion = 10.0.40219.1
Project("{FAE04EC0-301F-11D3-BF4B-00C04F79EFBC}") = "Entity", "Entity\Entity.csproj", "{3C3FB205-AD7F-4447-AF4D-B06463537A5B}"
EndProject
Project("{FAE04EC0-301F-11D3-BF4B-00C04F79EFBC}") = "DAL", "..\BLL\DAL.csproj", "{D639C684-81DA-4966-B4C2-164B1EEEA62F}"
EndProject
Project("{FAE04EC0-301F-11D3-BF4B-00C04F79EFBC}") = "BLL", "BLL\BLL.csproj", "{774C8BD8-FC03-4113-9027-931BB043BF13}"
EndProject
Project("{FAE04EC0-301F-11D3-BF4B-00C04F79EFBC}") = "Neo4J", "Neo4J\Neo4J.csproj", "{9853C5B5-5E7C-405D-B7B8-A51994CEDDEA}"
EndProject
Project("{FAE04EC0-301F-11D3-BF4B-00C04F79EFBC}") = "WpfSocialNetwork", "WpfSocialNetwork\WpfSocialNetwork.csproj", "{6725CF9F-57B2-463F-ADC4-F317B58CE8F1}"
EndProject
Global
	GlobalSection(SolutionConfigurationPlatforms) = preSolution
		Debug|Any CPU = Debug|Any CPU
		Release|Any CPU = Release|Any CPU
	EndGlobalSection
	GlobalSection(ProjectConfigurationPlatforms) = postSolution
		{3C3FB205-AD7F-4447-AF4D-B06463537A5B}.Debug|Any CPU.ActiveCfg = Debug|Any CPU
		{3C3FB205-AD7F-4447-AF4D-B06463537A5B}.Debug|Any CPU.Build.0 = Debug|Any CPU
		{3C3FB205-AD7F-4447-AF4D-B06463537A5B}.Release|Any CPU.ActiveCfg = Release|Any CPU
		{3C3FB205-AD7F-4447-AF4D-B06463537A5B}.Release|Any CPU.Build.0 = Release|Any CPU
		{D639C684-81DA-4966-B4C2-164B1EEEA62F}.Debug|Any CPU.ActiveCfg = Debug|Any CPU
		{D639C684-81DA-4966-B4C2-164B1EEEA62F}.Debug|Any CPU.Build.0 = Debug|Any CPU
		{D639C684-81DA-4966-B4C2-164B1EEEA62F}.Release|Any CPU.ActiveCfg = Release|Any CPU
		{D639C684-81DA-4966-B4C2-164B1EEEA62F}.Release|Any CPU.Build.0 = Release|Any CPU
		{774C8BD8-FC03-4113-9027-931BB043BF13}.Debug|Any CPU.ActiveCfg = Debug|Any CPU
		{774C8BD8-FC03-4113-9027-931BB043BF13}.Debug|Any CPU.Build.0 = Debug|Any CPU
		{774C8BD8-FC03-4113-9027-931BB043BF13}.Release|Any CPU.ActiveCfg = Release|Any CPU
		{774C8BD8-FC03-4113-9027-931BB043BF13}.Release|Any CPU.Build.0 = Release|Any CPU
		{9853C5B5-5E7C-405D-B7B8-A51994CEDDEA}.Debug|Any CPU.ActiveCfg = Debug|Any CPU
		{9853C5B5-5E7C-405D-B7B8-A51994CEDDEA}.Debug|Any CPU.Build.0 = Debug|Any CPU
		{9853C5B5-5E7C-405D-B7B8-A51994CEDDEA}.Release|Any CPU.ActiveCfg = Release|Any CPU
		{9853C5B5-5E7C-405D-B7B8-A51994CEDDEA}.Release|Any CPU.Build.0 = Release|Any CPU
		{6725CF9F-57B2-463F-ADC4-F317B58CE8F1}.Debug|Any CPU.ActiveCfg = Debug|Any CPU
		{6725CF9F-57B2-463F-ADC4-F317B58CE8F1}.Debug|Any CPU.Build.0 = Debug|Any CPU
		{6725CF9F-57B2-463F-ADC4-F317B58CE8F1}.Release|Any CPU.ActiveCfg = Release|Any CPU
		{6725CF9F-57B2-463F-ADC4-F317B58CE8F1}.Release|Any CPU.Build.0 = Release|Any CPU
	EndGlobalSection
	GlobalSection(SolutionProperties) = preSolution
		HideSolutionNode = FALSE
	EndGlobalSection
	GlobalSection(ExtensibilityGlobals) = postSolution
		SolutionGuid = {901C283F-749C-41AE-AF9D-FEB445428AAA}
	EndGlobalSection
EndGlobal
